
Microsoft Visual Studio Solution File, Format Version 12.00
# Visual Studio Version 16
VisualStudioVersion = 16.0.30907.101
MinimumVisualStudioVersion = 10.0.40219.1
Project("{9A19103F-16F7-4668-BE54-9A1E7A4F7556}") = "AsyncBasicWithReturn", "Part-1\Async\AsyncBasicWithReturn.csproj", "{757253E8-204E-4F66-BE1C-B86555F6201C}"
EndProject
Project("{2150E333-8FDC-42A3-9474-1A3956D46DE8}") = "Part 1", "Part 1", "{3BA65993-7AE3-4096-ADE8-FCD953DDCF5F}"
EndProject
Project("{9A19103F-16F7-4668-BE54-9A1E7A4F7556}") = "AsyncBasic", "Part-1\AsyncBasic\AsyncBasic.csproj", "{B05AB922-E2B9-480F-A0A8-7535060F4E7E}"
EndProject
Project("{2150E333-8FDC-42A3-9474-1A3956D46DE8}") = "Solution Items", "Solution Items", "{54B181C4-044D-429E-B223-0D82A13381ED}"
	ProjectSection(SolutionItems) = preProject
		.editorconfig = .editorconfig
	EndProjectSection
EndProject
Project("{2150E333-8FDC-42A3-9474-1A3956D46DE8}") = "Part 3", "Part 3", "{6A0CAA9B-3C0E-4968-82AA-A893F07FD95B}"
EndProject
Project("{9A19103F-16F7-4668-BE54-9A1E7A4F7556}") = "TaskCancellation", "Part-3\TaskCancellation\TaskCancellation.csproj", "{BD036BD3-2041-4662-A210-48CB395CFFB1}"
EndProject
Project("{9A19103F-16F7-4668-BE54-9A1E7A4F7556}") = "ProgressReporting", "Part-3\ProgressReporting\ProgressReporting.csproj", "{FB97399F-A417-4C54-AA68-DFCCD5229EB1}"
EndProject
Project("{9A19103F-16F7-4668-BE54-9A1E7A4F7556}") = "ManualTaskCreation", "Part-3\ManualTaskCreation\ManualTaskCreation.csproj", "{89B68AB1-1212-4144-9257-75DB04B00DF7}"
EndProject
Project("{2150E333-8FDC-42A3-9474-1A3956D46DE8}") = "Part 2", "Part 2", "{123081C3-7737-4A55-8D30-586F49709C35}"
EndProject
Project("{FAE04EC0-301F-11D3-BF4B-00C04F79EFBC}") = "WorkingMechanism", "Part-2\WorkingMechanism\WorkingMechanism.csproj", "{C74FA6E9-DDA8-44D3-AC4E-F17C89C49D05}"
EndProject
Global
	GlobalSection(SolutionConfigurationPlatforms) = preSolution
		Debug|Any CPU = Debug|Any CPU
		Release|Any CPU = Release|Any CPU
	EndGlobalSection
	GlobalSection(ProjectConfigurationPlatforms) = postSolution
		{757253E8-204E-4F66-BE1C-B86555F6201C}.Debug|Any CPU.ActiveCfg = Debug|Any CPU
		{757253E8-204E-4F66-BE1C-B86555F6201C}.Debug|Any CPU.Build.0 = Debug|Any CPU
		{757253E8-204E-4F66-BE1C-B86555F6201C}.Release|Any CPU.ActiveCfg = Release|Any CPU
		{757253E8-204E-4F66-BE1C-B86555F6201C}.Release|Any CPU.Build.0 = Release|Any CPU
		{B05AB922-E2B9-480F-A0A8-7535060F4E7E}.Debug|Any CPU.ActiveCfg = Debug|Any CPU
		{B05AB922-E2B9-480F-A0A8-7535060F4E7E}.Debug|Any CPU.Build.0 = Debug|Any CPU
		{B05AB922-E2B9-480F-A0A8-7535060F4E7E}.Release|Any CPU.ActiveCfg = Release|Any CPU
		{B05AB922-E2B9-480F-A0A8-7535060F4E7E}.Release|Any CPU.Build.0 = Release|Any CPU
		{BD036BD3-2041-4662-A210-48CB395CFFB1}.Debug|Any CPU.ActiveCfg = Debug|Any CPU
		{BD036BD3-2041-4662-A210-48CB395CFFB1}.Debug|Any CPU.Build.0 = Debug|Any CPU
		{BD036BD3-2041-4662-A210-48CB395CFFB1}.Release|Any CPU.ActiveCfg = Release|Any CPU
		{BD036BD3-2041-4662-A210-48CB395CFFB1}.Release|Any CPU.Build.0 = Release|Any CPU
		{FB97399F-A417-4C54-AA68-DFCCD5229EB1}.Debug|Any CPU.ActiveCfg = Debug|Any CPU
		{FB97399F-A417-4C54-AA68-DFCCD5229EB1}.Debug|Any CPU.Build.0 = Debug|Any CPU
		{FB97399F-A417-4C54-AA68-DFCCD5229EB1}.Release|Any CPU.ActiveCfg = Release|Any CPU
		{FB97399F-A417-4C54-AA68-DFCCD5229EB1}.Release|Any CPU.Build.0 = Release|Any CPU
		{89B68AB1-1212-4144-9257-75DB04B00DF7}.Debug|Any CPU.ActiveCfg = Debug|Any CPU
		{89B68AB1-1212-4144-9257-75DB04B00DF7}.Debug|Any CPU.Build.0 = Debug|Any CPU
		{89B68AB1-1212-4144-9257-75DB04B00DF7}.Release|Any CPU.ActiveCfg = Release|Any CPU
		{89B68AB1-1212-4144-9257-75DB04B00DF7}.Release|Any CPU.Build.0 = Release|Any CPU
		{C74FA6E9-DDA8-44D3-AC4E-F17C89C49D05}.Debug|Any CPU.ActiveCfg = Debug|Any CPU
		{C74FA6E9-DDA8-44D3-AC4E-F17C89C49D05}.Debug|Any CPU.Build.0 = Debug|Any CPU
		{C74FA6E9-DDA8-44D3-AC4E-F17C89C49D05}.Release|Any CPU.ActiveCfg = Release|Any CPU
		{C74FA6E9-DDA8-44D3-AC4E-F17C89C49D05}.Release|Any CPU.Build.0 = Release|Any CPU
	EndGlobalSection
	GlobalSection(SolutionProperties) = preSolution
		HideSolutionNode = FALSE
	EndGlobalSection
	GlobalSection(NestedProjects) = preSolution
		{757253E8-204E-4F66-BE1C-B86555F6201C} = {3BA65993-7AE3-4096-ADE8-FCD953DDCF5F}
		{B05AB922-E2B9-480F-A0A8-7535060F4E7E} = {3BA65993-7AE3-4096-ADE8-FCD953DDCF5F}
		{BD036BD3-2041-4662-A210-48CB395CFFB1} = {6A0CAA9B-3C0E-4968-82AA-A893F07FD95B}
		{FB97399F-A417-4C54-AA68-DFCCD5229EB1} = {6A0CAA9B-3C0E-4968-82AA-A893F07FD95B}
		{89B68AB1-1212-4144-9257-75DB04B00DF7} = {6A0CAA9B-3C0E-4968-82AA-A893F07FD95B}
		{C74FA6E9-DDA8-44D3-AC4E-F17C89C49D05} = {123081C3-7737-4A55-8D30-586F49709C35}
	EndGlobalSection
	GlobalSection(ExtensibilityGlobals) = postSolution
		SolutionGuid = {005E0CDA-BEDB-4C57-BA70-8A6693B1EECE}
	EndGlobalSection
EndGlobal
